
Microsoft Visual Studio Solution File, Format Version 12.00
# Visual Studio 2012
Project("{FAE04EC0-301F-11D3-BF4B-00C04F79EFBC}") = "Nfield.SDK", "Nfield.SDK\Nfield.SDK.csproj", "{A0929F88-D4FC-4371-BB64-39C85530B30A}"
EndProject
Project("{2150E333-8FDC-42A3-9474-1A3956D46DE8}") = "Tests", "Tests", "{EEDF1281-82F5-4B5B-BCA0-3CBCAC4FF7CD}"
EndProject
Project("{FAE04EC0-301F-11D3-BF4B-00C04F79EFBC}") = "Nfield.SDK.Tests", "Nfield.SDK.Tests\Nfield.SDK.Tests.csproj", "{5F20D34A-9391-4DBF-8707-5C32D1D0B905}"
EndProject
Project("{2150E333-8FDC-42A3-9474-1A3956D46DE8}") = ".nuget", ".nuget", "{E9FCA580-8008-40E8-BD89-96AD958A7975}"
	ProjectSection(SolutionItems) = preProject
		.nuget\NuGet.Config = .nuget\NuGet.Config
		.nuget\NuGet.exe = .nuget\NuGet.exe
		.nuget\NuGet.targets = .nuget\NuGet.targets
	EndProjectSection
EndProject
Project("{2150E333-8FDC-42A3-9474-1A3956D46DE8}") = "Solution Items", "Solution Items", "{C00260FB-5189-4EF0-9A1B-C4AACF10D3C2}"
EndProject
Global
	GlobalSection(SolutionConfigurationPlatforms) = preSolution
		Debug|Any CPU = Debug|Any CPU
		Release|Any CPU = Release|Any CPU
	EndGlobalSection
	GlobalSection(ProjectConfigurationPlatforms) = postSolution
		{A0929F88-D4FC-4371-BB64-39C85530B30A}.Debug|Any CPU.ActiveCfg = Debug|Any CPU
		{A0929F88-D4FC-4371-BB64-39C85530B30A}.Debug|Any CPU.Build.0 = Debug|Any CPU
		{A0929F88-D4FC-4371-BB64-39C85530B30A}.Release|Any CPU.ActiveCfg = Release|Any CPU
		{A0929F88-D4FC-4371-BB64-39C85530B30A}.Release|Any CPU.Build.0 = Release|Any CPU
		{5F20D34A-9391-4DBF-8707-5C32D1D0B905}.Debug|Any CPU.ActiveCfg = Debug|Any CPU
		{5F20D34A-9391-4DBF-8707-5C32D1D0B905}.Debug|Any CPU.Build.0 = Debug|Any CPU
		{5F20D34A-9391-4DBF-8707-5C32D1D0B905}.Release|Any CPU.ActiveCfg = Release|Any CPU
		{5F20D34A-9391-4DBF-8707-5C32D1D0B905}.Release|Any CPU.Build.0 = Release|Any CPU
	EndGlobalSection
	GlobalSection(SolutionProperties) = preSolution
		HideSolutionNode = FALSE
	EndGlobalSection
	GlobalSection(NestedProjects) = preSolution
		{5F20D34A-9391-4DBF-8707-5C32D1D0B905} = {EEDF1281-82F5-4B5B-BCA0-3CBCAC4FF7CD}
	EndGlobalSection
EndGlobal
